PODS:
  - AppAuth (1.4.0):
    - AppAuth/Core (= 1.4.0)
    - AppAuth/ExternalUserAgent (= 1.4.0)
  - AppAuth/Core (1.4.0)
  - AppAuth/ExternalUserAgent (1.4.0)
  - CropViewController (2.5.5)
  - GoogleSignIn (5.0.2):
    - AppAuth (~> 1.2)
    - GTMAppAuth (~> 1.0)
    - GTMSessionFetcher/Core (~> 1.1)
  - GTMAppAuth (1.1.0):
    - AppAuth/Core (~> 1.4)
    - GTMSessionFetcher (~> 1.4)
  - GTMSessionFetcher (1.5.0):
    - GTMSessionFetcher/Full (= 1.5.0)
  - GTMSessionFetcher/Core (1.5.0)
  - GTMSessionFetcher/Full (1.5.0):
    - GTMSessionFetcher/Core (= 1.5.0)
  - KeychainAccess (4.2.0)
  - SDWebImage (5.10.0):
    - SDWebImage/Core (= 5.10.0)
  - SDWebImage/Core (5.10.0)
  - Sentry (6.0.9):
    - Sentry/Core (= 6.0.9)
  - Sentry/Core (6.0.9)
  - SkeletonView (1.11.0)
  - Starscream (4.0.4)
  - TrustKit (1.7.0)

DEPENDENCIES:
  - CropViewController (~> 2.5.5)
  - GoogleSignIn
  - KeychainAccess (= 4.2.0)
  - SDWebImage (~> 5.10.0)
  - Sentry (from `https://github.com/getsentry/sentry-cocoa.git`, tag `6.0.9`)
  - SkeletonView (~> 1.9)
  - Starscream (~> 4.0.0)
  - TrustKit

SPEC REPOS:
  trunk:
    - AppAuth
    - CropViewController
    - GoogleSignIn
    - GTMAppAuth
    - GTMSessionFetcher
    - KeychainAccess
    - SDWebImage
    - SkeletonView
    - Starscream
    - TrustKit

EXTERNAL SOURCES:
  Sentry:
    :git: https://github.com/getsentry/sentry-cocoa.git
    :tag: 6.0.9

CHECKOUT OPTIONS:
  Sentry:
    :git: https://github.com/getsentry/sentry-cocoa.git
    :tag: 6.0.9

SPEC CHECKSUMS:
  AppAuth: 31bcec809a638d7bd2f86ea8a52bd45f6e81e7c7
  CropViewController: bd3ff11eeeaadc1e267bb9c3f3e9ee67a52d3285
  GoogleSignIn: 7137d297ddc022a7e0aa4619c86d72c909fa7213
  GTMAppAuth: 197a8dabfea5d665224aa00d17f164fc2248dab9
  GTMSessionFetcher: b3503b20a988c4e20cc189aa798fd18220133f52
  KeychainAccess: 3f760109aa99b05d0f231e28b22642da7153e38a
  SDWebImage: 9169792e9eec3e45bba2a0c02f74bf8bd922d1ee
  Sentry: 388c9dc093b2fd3a264466a5c5b21e25959610a9
  SkeletonView: cc84ce90a804dd0dd7198dd802833411c8a64eaf
  Starscream: 5178aed56b316f13fa3bc55694e583d35dd414d9
  TrustKit: dac38bb37e49bdfeca41b1a19d020da38017b51c

PODFILE CHECKSUM: fe363c7e32e329276ffd7f16d34591ea094c6eb6

COCOAPODS: 1.10.0
